# This file is automatically @generated by Cargo.
# It is not intended for manual editing.
version = 4

[[package]]
name = "openggs-core"
version = "0.1.0"

[[package]]
name = "openggs-spo"
version = "0.1.0"

[[package]]
name = "openggs-stagefile"
version = "0.1.0"
dependencies = [
 "openggs-core",
]
